
Microsoft Visual Studio Solution File, Format Version 12.00
# Visual Studio Version 16
VisualStudioVersion = 16.0.29201.188
MinimumVisualStudioVersion = 10.0.40219.1
Project("{8BC9CEB8-8B4A-11D0-8D11-00A0C91BC942}") = "BlueGate", "BlueGate\BlueGate.vcxproj", "{9178613D-52C7-4876-BBAD-F93C3784D79C}"
EndProject
Global
	GlobalSection(SolutionConfigurationPlatforms) = preSolution
		Debug|x64 = Debug|x64
		Debug|x86 = Debug|x86
		Release|x64 = Release|x64
		Release|x86 = Release|x86
	EndGlobalSection
	GlobalSection(ProjectConfigurationPlatforms) = postSolution
		{9178613D-52C7-4876-BBAD-F93C3784D79C}.Debug|x64.ActiveCfg = Debug|x64
		{9178613D-52C7-4876-BBAD-F93C3784D79C}.Debug|x64.Build.0 = Debug|x64
		{9178613D-52C7-4876-BBAD-F93C3784D79C}.Debug|x86.ActiveCfg = Debug|Win32
		{9178613D-52C7-4876-BBAD-F93C3784D79C}.Debug|x86.Build.0 = Debug|Win32
		{9178613D-52C7-4876-BBAD-F93C3784D79C}.Release|x64.ActiveCfg = Release|x64
		{9178613D-52C7-4876-BBAD-F93C3784D79C}.Release|x64.Build.0 = Release|x64
		{9178613D-52C7-4876-BBAD-F93C3784D79C}.Release|x86.ActiveCfg = Release|Win32
		{9178613D-52C7-4876-BBAD-F93C3784D79C}.Release|x86.Build.0 = Release|Win32
	EndGlobalSection
	GlobalSection(SolutionProperties) = preSolution
		HideSolutionNode = FALSE
	EndGlobalSection
	GlobalSection(ExtensibilityGlobals) = postSolution
		SolutionGuid = {D97BA022-3382-44A0-BD63-569535F8193A}
	EndGlobalSection
EndGlobal
